
Microsoft Visual Studio Solution File, Format Version 12.00
# Visual Studio 15
VisualStudioVersion = 15.0.28010.2036
MinimumVisualStudioVersion = 10.0.40219.1
Project("{888888A0-9F3D-457C-B088-3A5042F75D52}") = "AAAAAH", "AAAAAH\AAAAAH.pyproj", "{D5C62F24-5755-44D9-80BB-0D5EC4076F85}"
EndProject
Global
	GlobalSection(SolutionConfigurationPlatforms) = preSolution
		Debug|Any CPU = Debug|Any CPU
		Release|Any CPU = Release|Any CPU
	EndGlobalSection
	GlobalSection(ProjectConfigurationPlatforms) = postSolution
		{D5C62F24-5755-44D9-80BB-0D5EC4076F85}.Debug|Any CPU.ActiveCfg = Debug|Any CPU
		{D5C62F24-5755-44D9-80BB-0D5EC4076F85}.Release|Any CPU.ActiveCfg = Release|Any CPU
	EndGlobalSection
	GlobalSection(SolutionProperties) = preSolution
		HideSolutionNode = FALSE
	EndGlobalSection
	GlobalSection(ExtensibilityGlobals) = postSolution
		SolutionGuid = {9C507818-13BD-49F5-BE73-38AC0C3F047F}
	EndGlobalSection
EndGlobal
